// !$*UTF8*$!
{
	archiveVersion = 1;
	classes = {
	};
	objectVersion = 51;
	objects = {

/* Begin PBXBuildFile section */
		27104B792412C49B0084ABCC /* AppDelegate.swift in Sources */ = {isa = PBXBuildFile; fileRef = 27104B782412C49B0084ABCC /* AppDelegate.swift */; };
		27104B7B2412C49B0084ABCC /* SceneDelegate.swift in Sources */ = {isa = PBXBuildFile; fileRef = 27104B7A2412C49B0084ABCC /* SceneDelegate.swift */; };
		27104B7D2412C49B0084ABCC /* HomeVC.swift in Sources */ = {isa = PBXBuildFile; fileRef = 27104B7C2412C49B0084ABCC /* HomeVC.swift */; };
		27104B802412C49B0084ABCC /* Main.storyboard in Resources */ = {isa = PBXBuildFile; fileRef = 27104B7E2412C49B0084ABCC /* Main.storyboard */; };
		27104B822412C49D0084ABCC /* Assets.xcassets in Resources */ = {isa = PBXBuildFile; fileRef = 27104B812412C49D0084ABCC /* Assets.xcassets */; };
		27104B852412C49D0084ABCC /* LaunchScreen.storyboard in Resources */ = {isa = PBXBuildFile; fileRef = 27104B832412C49D0084ABCC /* LaunchScreen.storyboard */; };
		27104B942413130F0084ABCC /* Debug.xcconfig in Resources */ = {isa = PBXBuildFile; fileRef = 27104B932413130F0084ABCC /* Debug.xcconfig */; };
		27104B962413180A0084ABCC /* TextsApp.swift in Sources */ = {isa = PBXBuildFile; fileRef = 27104B952413180A0084ABCC /* TextsApp.swift */; };
		27104B9D2413450D0084ABCC /* ProgressView.swift in Sources */ = {isa = PBXBuildFile; fileRef = 27104B9A2413450D0084ABCC /* ProgressView.swift */; };
		27104B9E2413450D0084ABCC /* ProgressView.xib in Resources */ = {isa = PBXBuildFile; fileRef = 27104B9B2413450D0084ABCC /* ProgressView.xib */; };
		27104B9F2413450D0084ABCC /* ProgressViewDelegate.swift in Sources */ = {isa = PBXBuildFile; fileRef = 27104B9C2413450D0084ABCC /* ProgressViewDelegate.swift */; };
		27104BA2241345180084ABCC /* UIAlertController+Extension.swift in Sources */ = {isa = PBXBuildFile; fileRef = 27104BA0241345180084ABCC /* UIAlertController+Extension.swift */; };
		27104BA3241345180084ABCC /* UIViewController+Extension.swift in Sources */ = {isa = PBXBuildFile; fileRef = 27104BA1241345180084ABCC /* UIViewController+Extension.swift */; };
		27104BA82413490D0084ABCC /* BaseModel.swift in Sources */ = {isa = PBXBuildFile; fileRef = 27104BA72413490D0084ABCC /* BaseModel.swift */; };
		27104BAA241349150084ABCC /* BaseVC.swift in Sources */ = {isa = PBXBuildFile; fileRef = 27104BA9241349150084ABCC /* BaseVC.swift */; };
		27104BAC2413491D0084ABCC /* BasePresenter.swift in Sources */ = {isa = PBXBuildFile; fileRef = 27104BAB2413491D0084ABCC /* BasePresenter.swift */; };
		27104BB024134E890084ABCC /* ImageNamesApp.swift in Sources */ = {isa = PBXBuildFile; fileRef = 27104BAF24134E890084ABCC /* ImageNamesApp.swift */; };
		27104BB224134F2B0084ABCC /* Colors.xcassets in Resources */ = {isa = PBXBuildFile; fileRef = 27104BB124134F2B0084ABCC /* Colors.xcassets */; };
		27104BB624134FD90084ABCC /* ColorNamesApp.swift in Sources */ = {isa = PBXBuildFile; fileRef = 27104BB524134FD90084ABCC /* ColorNamesApp.swift */; };
		27104BBD2413540C0084ABCC /* HomeModel.swift in Sources */ = {isa = PBXBuildFile; fileRef = 27104BBC2413540C0084ABCC /* HomeModel.swift */; };
		27104BBF2413541D0084ABCC /* HomePresenter.swift in Sources */ = {isa = PBXBuildFile; fileRef = 27104BBE2413541D0084ABCC /* HomePresenter.swift */; };
		27104BC3241358130084ABCC /* PokemonTableViewCell.swift in Sources */ = {isa = PBXBuildFile; fileRef = 27104BC1241358130084ABCC /* PokemonTableViewCell.swift */; };
		27104BC4241358130084ABCC /* PokemonTableViewCell.xib in Resources */ = {isa = PBXBuildFile; fileRef = 27104BC2241358130084ABCC /* PokemonTableViewCell.xib */; };
		27104BC6241359E30084ABCC /* APIClient.swift in Sources */ = {isa = PBXBuildFile; fileRef = 27104BC5241359E30084ABCC /* APIClient.swift */; };
		27104BC824135A420084ABCC /* APIRouter.swift in Sources */ = {isa = PBXBuildFile; fileRef = 27104BC724135A420084ABCC /* APIRouter.swift */; };
		27104BCA24135A7B0084ABCC /* APIConstants.swift in Sources */ = {isa = PBXBuildFile; fileRef = 27104BC924135A7B0084ABCC /* APIConstants.swift */; };
		27104BCD24135C0E0084ABCC /* PokemonsCodable.swift in Sources */ = {isa = PBXBuildFile; fileRef = 27104BCC24135C0E0084ABCC /* PokemonsCodable.swift */; };
		27104BCF24135C780084ABCC /* PokemonCodable.swift in Sources */ = {isa = PBXBuildFile; fileRef = 27104BCE24135C780084ABCC /* PokemonCodable.swift */; };
		ADDE9FC9A8582ADEF2436352 /* Pods_Pokemons.framework in Frameworks */ = {isa = PBXBuildFile; fileRef = 3DE7FCCE3C343CB5B05AE9B3 /* Pods_Pokemons.framework */; };
/* End PBXBuildFile section */

/* Begin PBXFileReference section */
		27104B752412C49B0084ABCC /* Pokemons.app */ = {isa = PBXFileReference; explicitFileType = wrapper.application; includeInIndex = 0; path = Pokemons.app; sourceTree = BUILT_PRODUCTS_DIR; };
		27104B782412C49B0084ABCC /* AppDelegate.swift */ = {isa = PBXFileReference; lastKnownFileType = sourcecode.swift; path = AppDelegate.swift; sourceTree = "<group>"; };
		27104B7A2412C49B0084ABCC /* SceneDelegate.swift */ = {isa = PBXFileReference; lastKnownFileType = sourcecode.swift; path = SceneDelegate.swift; sourceTree = "<group>"; };
		27104B7C2412C49B0084ABCC /* HomeVC.swift */ = {isa = PBXFileReference; lastKnownFileType = sourcecode.swift; path = HomeVC.swift; sourceTree = "<group>"; };
		27104B7F2412C49B0084ABCC /* Base */ = {isa = PBXFileReference; lastKnownFileType = file.storyboard; name = Base; path = Base.lproj/Main.storyboard; sourceTree = "<group>"; };
		27104B812412C49D0084ABCC /* Assets.xcassets */ = {isa = PBXFileReference; lastKnownFileType = folder.assetcatalog; path = Assets.xcassets; sourceTree = "<group>"; };
		27104B842412C49D0084ABCC /* Base */ = {isa = PBXFileReference; lastKnownFileType = file.storyboard; name = Base; path = Base.lproj/LaunchScreen.storyboard; sourceTree = "<group>"; };
		27104B862412C49D0084ABCC /* Info.plist */ = {isa = PBXFileReference; lastKnownFileType = text.plist.xml; path = Info.plist; sourceTree = "<group>"; };
		27104B932413130F0084ABCC /* Debug.xcconfig */ = {isa = PBXFileReference; lastKnownFileType = text.xcconfig; path = Debug.xcconfig; sourceTree = "<group>"; };
		27104B952413180A0084ABCC /* TextsApp.swift */ = {isa = PBXFileReference; lastKnownFileType = sourcecode.swift; path = TextsApp.swift; sourceTree = "<group>"; };
		27104B9A2413450D0084ABCC /* ProgressView.swift */ = {isa = PBXFileReference; fileEncoding = 4; lastKnownFileType = sourcecode.swift; path = ProgressView.swift; sourceTree = "<group>"; };
		27104B9B2413450D0084ABCC /* ProgressView.xib */ = {isa = PBXFileReference; fileEncoding = 4; lastKnownFileType = file.xib; path = ProgressView.xib; sourceTree = "<group>"; };
		27104B9C2413450D0084ABCC /* ProgressViewDelegate.swift */ = {isa = PBXFileReference; fileEncoding = 4; lastKnownFileType = sourcecode.swift; path = ProgressViewDelegate.swift; sourceTree = "<group>"; };
		27104BA0241345180084ABCC /* UIAlertController+Extension.swift */ = {isa = PBXFileReference; fileEncoding = 4; lastKnownFileType = sourcecode.swift; path = "UIAlertController+Extension.swift"; sourceTree = "<group>"; };
		27104BA1241345180084ABCC /* UIViewController+Extension.swift */ = {isa = PBXFileReference; fileEncoding = 4; lastKnownFileType = sourcecode.swift; path = "UIViewController+Extension.swift"; sourceTree = "<group>"; };
		27104BA72413490D0084ABCC /* BaseModel.swift */ = {isa = PBXFileReference; fileEncoding = 4; lastKnownFileType = sourcecode.swift; path = BaseModel.swift; sourceTree = "<group>"; };
		27104BA9241349150084ABCC /* BaseVC.swift */ = {isa = PBXFileReference; fileEncoding = 4; lastKnownFileType = sourcecode.swift; path = BaseVC.swift; sourceTree = "<group>"; };
		27104BAB2413491D0084ABCC /* BasePresenter.swift */ = {isa = PBXFileReference; fileEncoding = 4; lastKnownFileType = sourcecode.swift; path = BasePresenter.swift; sourceTree = "<group>"; };
		27104BAF24134E890084ABCC /* ImageNamesApp.swift */ = {isa = PBXFileReference; lastKnownFileType = sourcecode.swift; path = ImageNamesApp.swift; sourceTree = "<group>"; };
		27104BB124134F2B0084ABCC /* Colors.xcassets */ = {isa = PBXFileReference; lastKnownFileType = folder.assetcatalog; path = Colors.xcassets; sourceTree = "<group>"; };
		27104BB524134FD90084ABCC /* ColorNamesApp.swift */ = {isa = PBXFileReference; lastKnownFileType = sourcecode.swift; path = ColorNamesApp.swift; sourceTree = "<group>"; };
		27104BBC2413540C0084ABCC /* HomeModel.swift */ = {isa = PBXFileReference; lastKnownFileType = sourcecode.swift; path = HomeModel.swift; sourceTree = "<group>"; };
		27104BBE2413541D0084ABCC /* HomePresenter.swift */ = {isa = PBXFileReference; lastKnownFileType = sourcecode.swift; path = HomePresenter.swift; sourceTree = "<group>"; };
		27104BC1241358130084ABCC /* PokemonTableViewCell.swift */ = {isa = PBXFileReference; lastKnownFileType = sourcecode.swift; path = PokemonTableViewCell.swift; sourceTree = "<group>"; };
		27104BC2241358130084ABCC /* PokemonTableViewCell.xib */ = {isa = PBXFileReference; lastKnownFileType = file.xib; path = PokemonTableViewCell.xib; sourceTree = "<group>"; };
		27104BC5241359E30084ABCC /* APIClient.swift */ = {isa = PBXFileReference; lastKnownFileType = sourcecode.swift; path = APIClient.swift; sourceTree = "<group>"; };
		27104BC724135A420084ABCC /* APIRouter.swift */ = {isa = PBXFileReference; lastKnownFileType = sourcecode.swift; path = APIRouter.swift; sourceTree = "<group>"; };
		27104BC924135A7B0084ABCC /* APIConstants.swift */ = {isa = PBXFileReference; lastKnownFileType = sourcecode.swift; path = APIConstants.swift; sourceTree = "<group>"; };
		27104BCC24135C0E0084ABCC /* PokemonsCodable.swift */ = {isa = PBXFileReference; lastKnownFileType = sourcecode.swift; path = PokemonsCodable.swift; sourceTree = "<group>"; };
		27104BCE24135C780084ABCC /* PokemonCodable.swift */ = {isa = PBXFileReference; lastKnownFileType = sourcecode.swift; path = PokemonCodable.swift; sourceTree = "<group>"; };
		3CB17416E5214561740C6154 /* Pods-Pokemons.debug.xcconfig */ = {isa = PBXFileReference; includeInIndex = 1; lastKnownFileType = text.xcconfig; name = "Pods-Pokemons.debug.xcconfig"; path = "Target Support Files/Pods-Pokemons/Pods-Pokemons.debug.xcconfig"; sourceTree = "<group>"; };
		3DE7FCCE3C343CB5B05AE9B3 /* Pods_Pokemons.framework */ = {isa = PBXFileReference; explicitFileType = wrapper.framework; includeInIndex = 0; path = Pods_Pokemons.framework; sourceTree = BUILT_PRODUCTS_DIR; };
		6EF6030E971E6FD6153EF7FD /* Pods-Pokemons.release.xcconfig */ = {isa = PBXFileReference; includeInIndex = 1; lastKnownFileType = text.xcconfig; name = "Pods-Pokemons.release.xcconfig"; path = "Target Support Files/Pods-Pokemons/Pods-Pokemons.release.xcconfig"; sourceTree = "<group>"; };
/* End PBXFileReference section */

/* Begin PBXFrameworksBuildPhase section */
		27104B722412C49B0084ABCC /* Frameworks */ = {
			isa = PBXFrameworksBuildPhase;
			buildActionMask = 2147483647;
			files = (
				ADDE9FC9A8582ADEF2436352 /* Pods_Pokemons.framework in Frameworks */,
			);
			runOnlyForDeploymentPostprocessing = 0;
		};
/* End PBXFrameworksBuildPhase section */

/* Begin PBXGroup section */
		27104B6C2412C49B0084ABCC = {
			isa = PBXGroup;
			children = (
				27104B772412C49B0084ABCC /* Pokemons */,
				27104B762412C49B0084ABCC /* Products */,
				AD91A6D7645A12619E21D82E /* Pods */,
				FFCEA2129E607CBAB19086F7 /* Frameworks */,
			);
			sourceTree = "<group>";
		};
		27104B762412C49B0084ABCC /* Products */ = {
			isa = PBXGroup;
			children = (
				27104B752412C49B0084ABCC /* Pokemons.app */,
			);
			name = Products;
			sourceTree = "<group>";
		};
		27104B772412C49B0084ABCC /* Pokemons */ = {
			isa = PBXGroup;
			children = (
				27104B9224130FB70084ABCC /* API */,
				27104B8E24130F430084ABCC /* Modules App */,
				27104B8D2412DBB80084ABCC /* Resources */,
				27104B9124130F9B0084ABCC /* Utils */,
				27104B782412C49B0084ABCC /* AppDelegate.swift */,
				27104B862412C49D0084ABCC /* Info.plist */,
			);
			path = Pokemons;
			sourceTree = "<group>";
		};
		27104B8D2412DBB80084ABCC /* Resources */ = {
			isa = PBXGroup;
			children = (
				27104BB424134FA20084ABCC /* Facade */,
				27104BB324134F8D0084ABCC /* Configuration */,
				27104B832412C49D0084ABCC /* LaunchScreen.storyboard */,
				27104B7A2412C49B0084ABCC /* SceneDelegate.swift */,
			);
			path = Resources;
			sourceTree = "<group>";
		};
		27104B8E24130F430084ABCC /* Modules App */ = {
			isa = PBXGroup;
			children = (
				27104B9024130F790084ABCC /* Home */,
				27104B8F24130F520084ABCC /* Base */,
			);
			path = "Modules App";
			sourceTree = "<group>";
		};
		27104B8F24130F520084ABCC /* Base */ = {
			isa = PBXGroup;
			children = (
				27104BA62413487A0084ABCC /* Model */,
				27104BA52413486C0084ABCC /* View */,
				27104BA4241348650084ABCC /* Presenter */,
			);
			path = Base;
			sourceTree = "<group>";
		};
		27104B9024130F790084ABCC /* Home */ = {
			isa = PBXGroup;
			children = (
				27104BBB241353EB0084ABCC /* Model */,
				27104BB9241353D30084ABCC /* View */,
				27104BBA241353E00084ABCC /* Presenter */,
			);
			path = Home;
			sourceTree = "<group>";
		};
		27104B9124130F9B0084ABCC /* Utils */ = {
			isa = PBXGroup;
			children = (
				27104B98241344670084ABCC /* CustomViews */,
				27104B972413444F0084ABCC /* Extensions */,
			);
			path = Utils;
			sourceTree = "<group>";
		};
		27104B9224130FB70084ABCC /* API */ = {
			isa = PBXGroup;
			children = (
				27104BCB24135BB80084ABCC /* Codable */,
				27104BC5241359E30084ABCC /* APIClient.swift */,
				27104BC724135A420084ABCC /* APIRouter.swift */,
				27104BC924135A7B0084ABCC /* APIConstants.swift */,
			);
			path = API;
			sourceTree = "<group>";
		};
		27104B972413444F0084ABCC /* Extensions */ = {
			isa = PBXGroup;
			children = (
				27104BA0241345180084ABCC /* UIAlertController+Extension.swift */,
				27104BA1241345180084ABCC /* UIViewController+Extension.swift */,
			);
			path = Extensions;
			sourceTree = "<group>";
		};
		27104B98241344670084ABCC /* CustomViews */ = {
			isa = PBXGroup;
			children = (
				27104B99241344C70084ABCC /* ProgressView */,
			);
			path = CustomViews;
			sourceTree = "<group>";
		};
		27104B99241344C70084ABCC /* ProgressView */ = {
			isa = PBXGroup;
			children = (
				27104B9A2413450D0084ABCC /* ProgressView.swift */,
				27104B9B2413450D0084ABCC /* ProgressView.xib */,
				27104B9C2413450D0084ABCC /* ProgressViewDelegate.swift */,
			);
			path = ProgressView;
			sourceTree = "<group>";
		};
		27104BA4241348650084ABCC /* Presenter */ = {
			isa = PBXGroup;
			children = (
				27104BAB2413491D0084ABCC /* BasePresenter.swift */,
			);
			path = Presenter;
			sourceTree = "<group>";
		};
		27104BA52413486C0084ABCC /* View */ = {
			isa = PBXGroup;
			children = (
				27104BA9241349150084ABCC /* BaseVC.swift */,
			);
			path = View;
			sourceTree = "<group>";
		};
		27104BA62413487A0084ABCC /* Model */ = {
			isa = PBXGroup;
			children = (
				27104BA72413490D0084ABCC /* BaseModel.swift */,
			);
			path = Model;
			sourceTree = "<group>";
		};
		27104BB324134F8D0084ABCC /* Configuration */ = {
			isa = PBXGroup;
			children = (
				27104B932413130F0084ABCC /* Debug.xcconfig */,
			);
			path = Configuration;
			sourceTree = "<group>";
		};
		27104BB424134FA20084ABCC /* Facade */ = {
			isa = PBXGroup;
			children = (
				27104B952413180A0084ABCC /* TextsApp.swift */,
				27104BAF24134E890084ABCC /* ImageNamesApp.swift */,
				27104BB124134F2B0084ABCC /* Colors.xcassets */,
				27104B812412C49D0084ABCC /* Assets.xcassets */,
				27104BB524134FD90084ABCC /* ColorNamesApp.swift */,
			);
			path = Facade;
			sourceTree = "<group>";
		};
		27104BB9241353D30084ABCC /* View */ = {
			isa = PBXGroup;
			children = (
				27104BC0241357F20084ABCC /* Cell */,
				27104B7C2412C49B0084ABCC /* HomeVC.swift */,
				27104B7E2412C49B0084ABCC /* Main.storyboard */,
			);
			path = View;
			sourceTree = "<group>";
		};
		27104BBA241353E00084ABCC /* Presenter */ = {
			isa = PBXGroup;
			children = (
				27104BBE2413541D0084ABCC /* HomePresenter.swift */,
			);
			path = Presenter;
			sourceTree = "<group>";
		};
		27104BBB241353EB0084ABCC /* Model */ = {
			isa = PBXGroup;
			children = (
				27104BBC2413540C0084ABCC /* HomeModel.swift */,
			);
			path = Model;
			sourceTree = "<group>";
		};
		27104BC0241357F20084ABCC /* Cell */ = {
			isa = PBXGroup;
			children = (
				27104BC1241358130084ABCC /* PokemonTableViewCell.swift */,
				27104BC2241358130084ABCC /* PokemonTableViewCell.xib */,
			);
			path = Cell;
			sourceTree = "<group>";
		};
		27104BCB24135BB80084ABCC /* Codable */ = {
			isa = PBXGroup;
			children = (
				27104BCC24135C0E0084ABCC /* PokemonsCodable.swift */,
				27104BCE24135C780084ABCC /* PokemonCodable.swift */,
			);
			path = Codable;
			sourceTree = "<group>";
		};
		AD91A6D7645A12619E21D82E /* Pods */ = {
			isa = PBXGroup;
			children = (
				3CB17416E5214561740C6154 /* Pods-Pokemons.debug.xcconfig */,
				6EF6030E971E6FD6153EF7FD /* Pods-Pokemons.release.xcconfig */,
			);
			path = Pods;
			sourceTree = "<group>";
		};
		FFCEA2129E607CBAB19086F7 /* Frameworks */ = {
			isa = PBXGroup;
			children = (
				3DE7FCCE3C343CB5B05AE9B3 /* Pods_Pokemons.framework */,
			);
			name = Frameworks;
			sourceTree = "<group>";
		};
/* End PBXGroup section */

/* Begin PBXNativeTarget section */
		27104B742412C49B0084ABCC /* Pokemons */ = {
			isa = PBXNativeTarget;
			buildConfigurationList = 27104B892412C49D0084ABCC /* Build configuration list for PBXNativeTarget "Pokemons" */;
			buildPhases = (
				0F652C29A74667CD9D45407E /* [CP] Check Pods Manifest.lock */,
				27104B712412C49B0084ABCC /* Sources */,
				27104B722412C49B0084ABCC /* Frameworks */,
				27104B732412C49B0084ABCC /* Resources */,
				10394574360D7B408F63E47E /* [CP] Embed Pods Frameworks */,
			);
			buildRules = (
			);
			dependencies = (
			);
			name = Pokemons;
			productName = Pokemons;
			productReference = 27104B752412C49B0084ABCC /* Pokemons.app */;
			productType = "com.apple.product-type.application";
		};
/* End PBXNativeTarget section */

/* Begin PBXProject section */
		27104B6D2412C49B0084ABCC /* Project object */ = {
			isa = PBXProject;
			attributes = {
				LastSwiftUpdateCheck = 1130;
				LastUpgradeCheck = 1130;
				ORGANIZATIONNAME = "Patricia Zambrano";
				TargetAttributes = {
					27104B742412C49B0084ABCC = {
						CreatedOnToolsVersion = 11.3.1;
					};
				};
			};
			buildConfigurationList = 27104B702412C49B0084ABCC /* Build configuration list for PBXProject "Pokemons" */;
			compatibilityVersion = "Xcode 9.3";
			developmentRegion = en;
			hasScannedForEncodings = 0;
			knownRegions = (
				en,
				Base,
			);
			mainGroup = 27104B6C2412C49B0084ABCC;
			productRefGroup = 27104B762412C49B0084ABCC /* Products */;
			projectDirPath = "";
			projectRoot = "";
			targets = (
				27104B742412C49B0084ABCC /* Pokemons */,
			);
		};
/* End PBXProject section */

/* Begin PBXResourcesBuildPhase section */
		27104B732412C49B0084ABCC /* Resources */ = {
			isa = PBXResourcesBuildPhase;
			buildActionMask = 2147483647;
			files = (
				27104B942413130F0084ABCC /* Debug.xcconfig in Resources */,
				27104B852412C49D0084ABCC /* LaunchScreen.storyboard in Resources */,
				27104B9E2413450D0084ABCC /* ProgressView.xib in Resources */,
				27104BC4241358130084ABCC /* PokemonTableViewCell.xib in Resources */,
				27104BB224134F2B0084ABCC /* Colors.xcassets in Resources */,
				27104B822412C49D0084ABCC /* Assets.xcassets in Resources */,
				27104B802412C49B0084ABCC /* Main.storyboard in Resources */,
			);
			runOnlyForDeploymentPostprocessing = 0;
		};
/* End PBXResourcesBuildPhase section */

/* Begin PBXShellScriptBuildPhase section */
		0F652C29A74667CD9D45407E /* [CP] Check Pods Manifest.lock */ = {
			isa = PBXShellScriptBuildPhase;
			buildActionMask = 2147483647;
			files = (
			);
			inputFileListPaths = (
			);
			inputPaths = (
				"${PODS_PODFILE_DIR_PATH}/Podfile.lock",
				"${PODS_ROOT}/Manifest.lock",
			);
			name = "[CP] Check Pods Manifest.lock";
			outputFileListPaths = (
			);
			outputPaths = (
				"$(DERIVED_FILE_DIR)/Pods-Pokemons-checkManifestLockResult.txt",
			);
			runOnlyForDeploymentPostprocessing = 0;
			shellPath = /bin/sh;
			shellScript = "diff \"${PODS_PODFILE_DIR_PATH}/Podfile.lock\" \"${PODS_ROOT}/Manifest.lock\" > /dev/null\nif [ $? != 0 ] ; then\n    # print error to STDERR\n    echo \"error: The sandbox is not in sync with the Podfile.lock. Run 'pod install' or update your CocoaPods installation.\" >&2\n    exit 1\nfi\n# This output is used by Xcode 'outputs' to avoid re-running this script phase.\necho \"SUCCESS\" > \"${SCRIPT_OUTPUT_FILE_0}\"\n";
			showEnvVarsInLog = 0;
		};
		10394574360D7B408F63E47E /* [CP] Embed Pods Frameworks */ = {
			isa = PBXShellScriptBuildPhase;
			buildActionMask = 2147483647;
			files = (
			);
			inputFileListPaths = (
				"${PODS_ROOT}/Target Support Files/Pods-Pokemons/Pods-Pokemons-frameworks-${CONFIGURATION}-input-files.xcfilelist",
			);
			name = "[CP] Embed Pods Frameworks";
			outputFileListPaths = (
				"${PODS_ROOT}/Target Support Files/Pods-Pokemons/Pods-Pokemons-frameworks-${CONFIGURATION}-output-files.xcfilelist",
			);
			runOnlyForDeploymentPostprocessing = 0;
			shellPath = /bin/sh;
			shellScript = "\"${PODS_ROOT}/Target Support Files/Pods-Pokemons/Pods-Pokemons-frameworks.sh\"\n";
			showEnvVarsInLog = 0;
		};
/* End PBXShellScriptBuildPhase section */

/* Begin PBXSourcesBuildPhase section */
		27104B712412C49B0084ABCC /* Sources */ = {
			isa = PBXSourcesBuildPhase;
			buildActionMask = 2147483647;
			files = (
				27104BB024134E890084ABCC /* ImageNamesApp.swift in Sources */,
				27104BC824135A420084ABCC /* APIRouter.swift in Sources */,
				27104BC6241359E30084ABCC /* APIClient.swift in Sources */,
				27104BC3241358130084ABCC /* PokemonTableViewCell.swift in Sources */,
				27104BA82413490D0084ABCC /* BaseModel.swift in Sources */,
				27104BCA24135A7B0084ABCC /* APIConstants.swift in Sources */,
				27104BCD24135C0E0084ABCC /* PokemonsCodable.swift in Sources */,
				27104BB624134FD90084ABCC /* ColorNamesApp.swift in Sources */,
				27104BBF2413541D0084ABCC /* HomePresenter.swift in Sources */,
				27104BA3241345180084ABCC /* UIViewController+Extension.swift in Sources */,
				27104B9F2413450D0084ABCC /* ProgressViewDelegate.swift in Sources */,
				27104BA2241345180084ABCC /* UIAlertController+Extension.swift in Sources */,
				27104B7D2412C49B0084ABCC /* HomeVC.swift in Sources */,
				27104B792412C49B0084ABCC /* AppDelegate.swift in Sources */,
				27104B9D2413450D0084ABCC /* ProgressView.swift in Sources */,
				27104B962413180A0084ABCC /* TextsApp.swift in Sources */,
				27104BBD2413540C0084ABCC /* HomeModel.swift in Sources */,
				27104B7B2412C49B0084ABCC /* SceneDelegate.swift in Sources */,
				27104BAA241349150084ABCC /* BaseVC.swift in Sources */,
				27104BAC2413491D0084ABCC /* BasePresenter.swift in Sources */,
				27104BCF24135C780084ABCC /* PokemonCodable.swift in Sources */,
			);
			runOnlyForDeploymentPostprocessing = 0;
		};
/* End PBXSourcesBuildPhase section */

/* Begin PBXVariantGroup section */
		27104B7E2412C49B0084ABCC /* Main.storyboard */ = {
			isa = PBXVariantGroup;
			children = (
				27104B7F2412C49B0084ABCC /* Base */,
			);
			name = Main.storyboard;
			sourceTree = "<group>";
		};
		27104B832412C49D0084ABCC /* LaunchScreen.storyboard */ = {
			isa = PBXVariantGroup;
			children = (
				27104B842412C49D0084ABCC /* Base */,
			);
			name = LaunchScreen.storyboard;
			sourceTree = "<group>";
		};
/* End PBXVariantGroup section */

/* Begin XCBuildConfiguration section */
		27104B872412C49D0084ABCC /* Debug */ = {
			isa = XCBuildConfiguration;
			baseConfigurationReference = 27104B932413130F0084ABCC /* Debug.xcconfig */;
			buildSettings = {
				ALWAYS_SEARCH_USER_PATHS = NO;
				CLANG_ANALYZER_NONNULL = YES;
				CLANG_ANALYZER_NUMBER_OBJECT_CONVERSION = YES_AGGRESSIVE;
				CLANG_CXX_LANGUAGE_STANDARD = "gnu++14";
				CLANG_CXX_LIBRARY = "libc++";
				CLANG_ENABLE_MODULES = YES;
				CLANG_ENABLE_OBJC_ARC = YES;
				CLANG_ENABLE_OBJC_WEAK = YES;
				CLANG_WARN_BLOCK_CAPTURE_AUTORELEASING = YES;
				CLANG_WARN_BOOL_CONVERSION = YES;
				CLANG_WARN_COMMA = YES;
				CLANG_WARN_CONSTANT_CONVERSION = YES;
				CLANG_WARN_DEPRECATED_OBJC_IMPLEMENTATIONS = YES;
				CLANG_WARN_DIRECT_OBJC_ISA_USAGE = YES_ERROR;
				CLANG_WARN_DOCUMENTATION_COMMENTS = YES;
				CLANG_WARN_EMPTY_BODY = YES;
				CLANG_WARN_ENUM_CONVERSION = YES;
				CLANG_WARN_INFINITE_RECURSION = YES;
				CLANG_WARN_INT_CONVERSION = YES;
				CLANG_WARN_NON_LITERAL_NULL_CONVERSION = YES;
				CLANG_WARN_OBJC_IMPLICIT_RETAIN_SELF = YES;
				CLANG_WARN_OBJC_LITERAL_CONVERSION = YES;
				CLANG_WARN_OBJC_ROOT_CLASS = YES_ERROR;
				CLANG_WARN_RANGE_LOOP_ANALYSIS = YES;
				CLANG_WARN_STRICT_PROTOTYPES = YES;
				CLANG_WARN_SUSPICIOUS_MOVE = YES;
				CLANG_WARN_UNGUARDED_AVAILABILITY = YES_AGGRESSIVE;
				CLANG_WARN_UNREACHABLE_CODE = YES;
				CLANG_WARN__DUPLICATE_METHOD_MATCH = YES;
				COPY_PHASE_STRIP = NO;
				DEBUG_INFORMATION_FORMAT = dwarf;
				ENABLE_STRICT_OBJC_MSGSEND = YES;
				ENABLE_TESTABILITY = YES;
				GCC_C_LANGUAGE_STANDARD = gnu11;
				GCC_DYNAMIC_NO_PIC = NO;
				GCC_NO_COMMON_BLOCKS = YES;
				GCC_OPTIMIZATION_LEVEL = 0;
				GCC_PREPROCESSOR_DEFINITIONS = (
					"DEBUG=1",
					"$(inherited)",
				);
				GCC_WARN_64_TO_32_BIT_CONVERSION = YES;
				GCC_WARN_ABOUT_RETURN_TYPE = YES_ERROR;
				GCC_WARN_UNDECLARED_SELECTOR = YES;
				GCC_WARN_UNINITIALIZED_AUTOS = YES_AGGRESSIVE;
				GCC_WARN_UNUSED_FUNCTION = YES;
				GCC_WARN_UNUSED_VARIABLE = YES;
				IPHONEOS_DEPLOYMENT_TARGET = 13.2;
				MTL_ENABLE_DEBUG_INFO = INCLUDE_SOURCE;
				MTL_FAST_MATH = YES;
				ONLY_ACTIVE_ARCH = YES;
				SDKROOT = iphoneos;
				SWIFT_ACTIVE_COMPILATION_CONDITIONS = DEBUG;
				SWIFT_OPTIMIZATION_LEVEL = "-Onone";
			};
			name = Debug;
		};
		27104B882412C49D0084ABCC /* Release */ = {
			isa = XCBuildConfiguration;
			buildSettings = {
				ALWAYS_SEARCH_USER_PATHS = NO;
				CLANG_ANALYZER_NONNULL = YES;
				CLANG_ANALYZER_NUMBER_OBJECT_CONVERSION = YES_AGGRESSIVE;
				CLANG_CXX_LANGUAGE_STANDARD = "gnu++14";
				CLANG_CXX_LIBRARY = "libc++";
				CLANG_ENABLE_MODULES = YES;
				CLANG_ENABLE_OBJC_ARC = YES;
				CLANG_ENABLE_OBJC_WEAK = YES;
				CLANG_WARN_BLOCK_CAPTURE_AUTORELEASING = YES;
				CLANG_WARN_BOOL_CONVERSION = YES;
				CLANG_WARN_COMMA = YES;
				CLANG_WARN_CONSTANT_CONVERSION = YES;
				CLANG_WARN_DEPRECATED_OBJC_IMPLEMENTATIONS = YES;
				CLANG_WARN_DIRECT_OBJC_ISA_USAGE = YES_ERROR;
				CLANG_WARN_DOCUMENTATION_COMMENTS = YES;
				CLANG_WARN_EMPTY_BODY = YES;
				CLANG_WARN_ENUM_CONVERSION = YES;
				CLANG_WARN_INFINITE_RECURSION = YES;
				CLANG_WARN_INT_CONVERSION = YES;
				CLANG_WARN_NON_LITERAL_NULL_CONVERSION = YES;
				CLANG_WARN_OBJC_IMPLICIT_RETAIN_SELF = YES;
				CLANG_WARN_OBJC_LITERAL_CONVERSION = YES;
				CLANG_WARN_OBJC_ROOT_CLASS = YES_ERROR;
				CLANG_WARN_RANGE_LOOP_ANALYSIS = YES;
				CLANG_WARN_STRICT_PROTOTYPES = YES;
				CLANG_WARN_SUSPICIOUS_MOVE = YES;
				CLANG_WARN_UNGUARDED_AVAILABILITY = YES_AGGRESSIVE;
				CLANG_WARN_UNREACHABLE_CODE = YES;
				CLANG_WARN__DUPLICATE_METHOD_MATCH = YES;
				COPY_PHASE_STRIP = NO;
				DEBUG_INFORMATION_FORMAT = "dwarf-with-dsym";
				ENABLE_NS_ASSERTIONS = NO;
				ENABLE_STRICT_OBJC_MSGSEND = YES;
				GCC_C_LANGUAGE_STANDARD = gnu11;
				GCC_NO_COMMON_BLOCKS = YES;
				GCC_WARN_64_TO_32_BIT_CONVERSION = YES;
				GCC_WARN_ABOUT_RETURN_TYPE = YES_ERROR;
				GCC_WARN_UNDECLARED_SELECTOR = YES;
				GCC_WARN_UNINITIALIZED_AUTOS = YES_AGGRESSIVE;
				GCC_WARN_UNUSED_FUNCTION = YES;
				GCC_WARN_UNUSED_VARIABLE = YES;
				IPHONEOS_DEPLOYMENT_TARGET = 13.2;
				MTL_ENABLE_DEBUG_INFO = NO;
				MTL_FAST_MATH = YES;
				SDKROOT = iphoneos;
				SWIFT_COMPILATION_MODE = wholemodule;
				SWIFT_OPTIMIZATION_LEVEL = "-O";
				VALIDATE_PRODUCT = YES;
			};
			name = Release;
		};
		27104B8A2412C49D0084ABCC /* Debug */ = {
			isa = XCBuildConfiguration;
			baseConfigurationReference = 3CB17416E5214561740C6154 /* Pods-Pokemons.debug.xcconfig */;
			buildSettings = {
				ASSETCATALOG_COMPILER_APPICON_NAME = AppIcon;
				CODE_SIGN_STYLE = Automatic;
				INFOPLIST_FILE = Pokemons/Info.plist;
				IPHONEOS_DEPLOYMENT_TARGET = 13.0;
				LD_RUNPATH_SEARCH_PATHS = (
					"$(inherited)",
					"@executable_path/Frameworks",
				);
				PRODUCT_BUNDLE_IDENTIFIER = com.pattyzamsal.Pokemons;
				PRODUCT_NAME = "$(TARGET_NAME)";
				SWIFT_VERSION = 5.0;
				TARGETED_DEVICE_FAMILY = 1;
			};
			name = Debug;
		};
		27104B8B2412C49D0084ABCC /* Release */ = {
			isa = XCBuildConfiguration;
			baseConfigurationReference = 6EF6030E971E6FD6153EF7FD /* Pods-Pokemons.release.xcconfig */;
			buildSettings = {
				ASSETCATALOG_COMPILER_APPICON_NAME = AppIcon;
				CODE_SIGN_STYLE = Automatic;
				INFOPLIST_FILE = Pokemons/Info.plist;
				IPHONEOS_DEPLOYMENT_TARGET = 13.0;
				LD_RUNPATH_SEARCH_PATHS = (
					"$(inherited)",
					"@executable_path/Frameworks",
				);
				PRODUCT_BUNDLE_IDENTIFIER = com.pattyzamsal.Pokemons;
				PRODUCT_NAME = "$(TARGET_NAME)";
				SWIFT_VERSION = 5.0;
				TARGETED_DEVICE_FAMILY = 1;
			};
			name = Release;
		};
/* End XCBuildConfiguration section */

/* Begin XCConfigurationList section */
		27104B702412C49B0084ABCC /* Build configuration list for PBXProject "Pokemons" */ = {
			isa = XCConfigurationList;
			buildConfigurations = (
				27104B872412C49D0084ABCC /* Debug */,
				27104B882412C49D0084ABCC /* Release */,
			);
			defaultConfigurationIsVisible = 0;
			defaultConfigurationName = Release;
		};
		27104B892412C49D0084ABCC /* Build configuration list for PBXNativeTarget "Pokemons" */ = {
			isa = XCConfigurationList;
			buildConfigurations = (
				27104B8A2412C49D0084ABCC /* Debug */,
				27104B8B2412C49D0084ABCC /* Release */,
			);
			defaultConfigurationIsVisible = 0;
			defaultConfigurationName = Release;
		};
/* End XCConfigurationList section */
	};
	rootObject = 27104B6D2412C49B0084ABCC /* Project object */;
}
